# This file is autogenerated, do not edit; changes may be undone by the next 'dep ensure'.


[[projects]]
  digest = "1:4d6f036ea3fe636bcb2e89850bcdc62a771354e157cd51b8b22a2de8562bf663"
  name = "cloud.google.com/go"
  packages = ["compute/metadata"]
  pruneopts = "UT"
  revision = "c9474f2f8deb81759839474b6bd1726bbfe1c1c4"
  version = "v0.36.0"

[[projects]]
  digest = "1:97df918963298c287643883209a2c3f642e6593379f97ab400c2a2e219ab647d"
  name = "github.com/golang/protobuf"
  packages = ["proto"]
  pruneopts = "UT"
  revision = "aa810b61a9c79d51363740d207bb46cf8e620ed5"
  version = "v1.2.0"

[[projects]]
  digest = "1:ca59b1175189b3f0e9f1793d2c350114be36eaabbe5b9f554b35edee1de50aea"
  name = "github.com/gorilla/mux"
  packages = ["."]
  pruneopts = "UT"
  revision = "a7962380ca08b5a188038c69871b8d3fbdf31e89"
  version = "v1.7.0"

[[projects]]
  digest = "1:8916afc5d84ba716e5ea7efa66877ee79aae61dfa6a8b6f44cb6a06d433f5c7b"
  name = "github.com/line/line-bot-sdk-go"
  packages = ["linebot"]
  pruneopts = "UT"
  revision = "e5a5e660c973149748ecbdba957fb04d0504119c"
  version = "v4.3.0"

[[projects]]
  branch = "v1"
  digest = "1:2bf910259b998c0ef31f741f2f0adff177013fa7dab7d2bb2f017cac0396e927"
  name = "github.com/zabawaba99/firego"
  packages = ["sync"]
  pruneopts = "UT"
  revision = "ce3fcf35d5c7d35453fd955280de6b0f95a83793"

[[projects]]
  branch = "master"
  digest = "1:f8b491a7c25030a895a0e579742d07136e6958e77ef2d46e769db8eec4e58fcd"
  name = "golang.org/x/net"
  packages = [
    "context",
    "context/ctxhttp",
  ]
  pruneopts = "UT"
  revision = "65e2d4e15006aab9813ff8769e768bbf4bb667a0"

[[projects]]
  branch = "master"
  digest = "1:511a6232760c10dcb1ebf1ab83ef0291e2baf801f203ca6314759c5458b73a6a"
  name = "golang.org/x/oauth2"
  packages = [
    ".",
    "google",
    "internal",
    "jws",
    "jwt",
  ]
  pruneopts = "UT"
  revision = "99b60b757ec124ebb7d6b7e97f153b19c10ce163"

[[projects]]
  digest = "1:fa13db8cfb0955500a7565a080eb4c0985237b414c31c4b694821b6f1d23dd50"
  name = "google.golang.org/appengine"
  packages = [
    ".",
    "internal",
    "internal/app_identity",
    "internal/base",
    "internal/datastore",
    "internal/log",
    "internal/modules",
    "internal/remote_api",
    "internal/urlfetch",
    "log",
    "urlfetch",
  ]
  pruneopts = "UT"
  revision = "e9657d882bb81064595ca3b56cbe2546bbabf7b1"
  version = "v1.4.0"

[[projects]]
  branch = "v1"
  digest = "1:a119f21486e460bccd87a2af2e70c073f5bbb658fae89af4da51b0732cda1721"
  name = "gopkg.in/zabawaba99/firego.v1"
  packages = ["."]
  pruneopts = "UT"
  revision = "ce3fcf35d5c7d35453fd955280de6b0f95a83793"

[solve-meta]
  analyzer-name = "dep"
  analyzer-version = 1
  input-imports = [
    "github.com/gorilla/mux",
    "github.com/line/line-bot-sdk-go/linebot",
    "golang.org/x/oauth2/google",
    "google.golang.org/appengine",
    "google.golang.org/appengine/log",
    "google.golang.org/appengine/urlfetch",
    "gopkg.in/zabawaba99/firego.v1",
  ]
  solver-name = "gps-cdcl"
  solver-version = 1
